// !$*UTF8*$!
{
	archiveVersion = 1;
	classes = {
	};
	objectVersion = 46;
	objects = {

/* Begin PBXBuildFile section */
		1C814C531D9AF2630057E2B9 /* AppDelegate.swift in Sources */ = {isa = PBXBuildFile; fileRef = 1C814C521D9AF2630057E2B9 /* AppDelegate.swift */; };
		1C814C551D9AF2630057E2B9 /* ViewController.swift in Sources */ = {isa = PBXBuildFile; fileRef = 1C814C541D9AF2630057E2B9 /* ViewController.swift */; };
		1C814C581D9AF2630057E2B9 /* Main.storyboard in Resources */ = {isa = PBXBuildFile; fileRef = 1C814C561D9AF2630057E2B9 /* Main.storyboard */; };
		1C814C5A1D9AF2630057E2B9 /* Assets.xcassets in Resources */ = {isa = PBXBuildFile; fileRef = 1C814C591D9AF2630057E2B9 /* Assets.xcassets */; };
		1C814C5D1D9AF2630057E2B9 /* LaunchScreen.storyboard in Resources */ = {isa = PBXBuildFile; fileRef = 1C814C5B1D9AF2630057E2B9 /* LaunchScreen.storyboard */; };
		1C814C681D9AF2630057E2B9 /* lab_4Tests.swift in Sources */ = {isa = PBXBuildFile; fileRef = 1C814C671D9AF2630057E2B9 /* lab_4Tests.swift */; };
		1C814C731D9AF2630057E2B9 /* lab_4UITests.swift in Sources */ = {isa = PBXBuildFile; fileRef = 1C814C721D9AF2630057E2B9 /* lab_4UITests.swift */; };
		1C814C811D9AF49D0057E2B9 /* Scene2ViewController.swift in Sources */ = {isa = PBXBuildFile; fileRef = 1C814C801D9AF49D0057E2B9 /* Scene2ViewController.swift */; };
/* End PBXBuildFile section */

/* Begin PBXContainerItemProxy section */
		1C814C641D9AF2630057E2B9 /* PBXContainerItemProxy */ = {
			isa = PBXContainerItemProxy;
			containerPortal = 1C814C471D9AF2630057E2B9 /* Project object */;
			proxyType = 1;
			remoteGlobalIDString = 1C814C4E1D9AF2630057E2B9;
			remoteInfo = "lab 4";
		};
		1C814C6F1D9AF2630057E2B9 /* PBXContainerItemProxy */ = {
			isa = PBXContainerItemProxy;
			containerPortal = 1C814C471D9AF2630057E2B9 /* Project object */;
			proxyType = 1;
			remoteGlobalIDString = 1C814C4E1D9AF2630057E2B9;
			remoteInfo = "lab 4";
		};
/* End PBXContainerItemProxy section */

/* Begin PBXFileReference section */
		1C814C4F1D9AF2630057E2B9 /* lab 4.app */ = {isa = PBXFileReference; explicitFileType = wrapper.application; includeInIndex = 0; path = "lab 4.app"; sourceTree = BUILT_PRODUCTS_DIR; };
		1C814C521D9AF2630057E2B9 /* AppDelegate.swift */ = {isa = PBXFileReference; lastKnownFileType = sourcecode.swift; path = AppDelegate.swift; sourceTree = "<group>"; };
		1C814C541D9AF2630057E2B9 /* ViewController.swift */ = {isa = PBXFileReference; lastKnownFileType = sourcecode.swift; path = ViewController.swift; sourceTree = "<group>"; };
		1C814C571D9AF2630057E2B9 /* Base */ = {isa = PBXFileReference; lastKnownFileType = file.storyboard; name = Base; path = Base.lproj/Main.storyboard; sourceTree = "<group>"; };
		1C814C591D9AF2630057E2B9 /* Assets.xcassets */ = {isa = PBXFileReference; lastKnownFileType = folder.assetcatalog; path = Assets.xcassets; sourceTree = "<group>"; };
		1C814C5C1D9AF2630057E2B9 /* Base */ = {isa = PBXFileReference; lastKnownFileType = file.storyboard; name = Base; path = Base.lproj/LaunchScreen.storyboard; sourceTree = "<group>"; };
		1C814C5E1D9AF2630057E2B9 /* Info.plist */ = {isa = PBXFileReference; lastKnownFileType = text.plist.xml; path = Info.plist; sourceTree = "<group>"; };
		1C814C631D9AF2630057E2B9 /* lab 4Tests.xctest */ = {isa = PBXFileReference; explicitFileType = wrapper.cfbundle; includeInIndex = 0; path = "lab 4Tests.xctest"; sourceTree = BUILT_PRODUCTS_DIR; };
		1C814C671D9AF2630057E2B9 /* lab_4Tests.swift */ = {isa = PBXFileReference; lastKnownFileType = sourcecode.swift; path = lab_4Tests.swift; sourceTree = "<group>"; };
		1C814C691D9AF2630057E2B9 /* Info.plist */ = {isa = PBXFileReference; lastKnownFileType = text.plist.xml; path = Info.plist; sourceTree = "<group>"; };
		1C814C6E1D9AF2630057E2B9 /* lab 4UITests.xctest */ = {isa = PBXFileReference; explicitFileType = wrapper.cfbundle; includeInIndex = 0; path = "lab 4UITests.xctest"; sourceTree = BUILT_PRODUCTS_DIR; };
		1C814C721D9AF2630057E2B9 /* lab_4UITests.swift */ = {isa = PBXFileReference; lastKnownFileType = sourcecode.swift; path = lab_4UITests.swift; sourceTree = "<group>"; };
		1C814C741D9AF2630057E2B9 /* Info.plist */ = {isa = PBXFileReference; lastKnownFileType = text.plist.xml; path = Info.plist; sourceTree = "<group>"; };
		1C814C801D9AF49D0057E2B9 /* Scene2ViewController.swift */ = {isa = PBXFileReference; fileEncoding = 4; lastKnownFileType = sourcecode.swift; path = Scene2ViewController.swift; sourceTree = "<group>"; };
/* End PBXFileReference section */

/* Begin PBXFrameworksBuildPhase section */
		1C814C4C1D9AF2630057E2B9 /* Frameworks */ = {
			isa = PBXFrameworksBuildPhase;
			buildActionMask = 2147483647;
			files = (
			);
			runOnlyForDeploymentPostprocessing = 0;
		};
		1C814C601D9AF2630057E2B9 /* Frameworks */ = {
			isa = PBXFrameworksBuildPhase;
			buildActionMask = 2147483647;
			files = (
			);
			runOnlyForDeploymentPostprocessing = 0;
		};
		1C814C6B1D9AF2630057E2B9 /* Frameworks */ = {
			isa = PBXFrameworksBuildPhase;
			buildActionMask = 2147483647;
			files = (
			);
			runOnlyForDeploymentPostprocessing = 0;
		};
/* End PBXFrameworksBuildPhase section */

/* Begin PBXGroup section */
		1C814C461D9AF2630057E2B9 = {
			isa = PBXGroup;
			children = (
				1C814C511D9AF2630057E2B9 /* lab 4 */,
				1C814C661D9AF2630057E2B9 /* lab 4Tests */,
				1C814C711D9AF2630057E2B9 /* lab 4UITests */,
				1C814C501D9AF2630057E2B9 /* Products */,
			);
			sourceTree = "<group>";
		};
		1C814C501D9AF2630057E2B9 /* Products */ = {
			isa = PBXGroup;
			children = (
				1C814C4F1D9AF2630057E2B9 /* lab 4.app */,
				1C814C631D9AF2630057E2B9 /* lab 4Tests.xctest */,
				1C814C6E1D9AF2630057E2B9 /* lab 4UITests.xctest */,
			);
			name = Products;
			sourceTree = "<group>";
		};
		1C814C511D9AF2630057E2B9 /* lab 4 */ = {
			isa = PBXGroup;
			children = (
				1C814C521D9AF2630057E2B9 /* AppDelegate.swift */,
				1C814C541D9AF2630057E2B9 /* ViewController.swift */,
				1C814C561D9AF2630057E2B9 /* Main.storyboard */,
				1C814C801D9AF49D0057E2B9 /* Scene2ViewController.swift */,
				1C814C591D9AF2630057E2B9 /* Assets.xcassets */,
				1C814C5B1D9AF2630057E2B9 /* LaunchScreen.storyboard */,
				1C814C5E1D9AF2630057E2B9 /* Info.plist */,
			);
			path = "lab 4";
			sourceTree = "<group>";
		};
		1C814C661D9AF2630057E2B9 /* lab 4Tests */ = {
			isa = PBXGroup;
			children = (
				1C814C671D9AF2630057E2B9 /* lab_4Tests.swift */,
				1C814C691D9AF2630057E2B9 /* Info.plist */,
			);
			path = "lab 4Tests";
			sourceTree = "<group>";
		};
		1C814C711D9AF2630057E2B9 /* lab 4UITests */ = {
			isa = PBXGroup;
			children = (
				1C814C721D9AF2630057E2B9 /* lab_4UITests.swift */,
				1C814C741D9AF2630057E2B9 /* Info.plist */,
			);
			path = "lab 4UITests";
			sourceTree = "<group>";
		};
/* End PBXGroup section */

/* Begin PBXNativeTarget section */
		1C814C4E1D9AF2630057E2B9 /* lab 4 */ = {
			isa = PBXNativeTarget;
			buildConfigurationList = 1C814C771D9AF2630057E2B9 /* Build configuration list for PBXNativeTarget "lab 4" */;
			buildPhases = (
				1C814C4B1D9AF2630057E2B9 /* Sources */,
				1C814C4C1D9AF2630057E2B9 /* Frameworks */,
				1C814C4D1D9AF2630057E2B9 /* Resources */,
			);
			buildRules = (
			);
			dependencies = (
			);
			name = "lab 4";
			productName = "lab 4";
			productReference = 1C814C4F1D9AF2630057E2B9 /* lab 4.app */;
			productType = "com.apple.product-type.application";
		};
		1C814C621D9AF2630057E2B9 /* lab 4Tests */ = {
			isa = PBXNativeTarget;
			buildConfigurationList = 1C814C7A1D9AF2630057E2B9 /* Build configuration list for PBXNativeTarget "lab 4Tests" */;
			buildPhases = (
				1C814C5F1D9AF2630057E2B9 /* Sources */,
				1C814C601D9AF2630057E2B9 /* Frameworks */,
				1C814C611D9AF2630057E2B9 /* Resources */,
			);
			buildRules = (
			);
			dependencies = (
				1C814C651D9AF2630057E2B9 /* PBXTargetDependency */,
			);
			name = "lab 4Tests";
			productName = "lab 4Tests";
			productReference = 1C814C631D9AF2630057E2B9 /* lab 4Tests.xctest */;
			productType = "com.apple.product-type.bundle.unit-test";
		};
		1C814C6D1D9AF2630057E2B9 /* lab 4UITests */ = {
			isa = PBXNativeTarget;
			buildConfigurationList = 1C814C7D1D9AF2630057E2B9 /* Build configuration list for PBXNativeTarget "lab 4UITests" */;
			buildPhases = (
				1C814C6A1D9AF2630057E2B9 /* Sources */,
				1C814C6B1D9AF2630057E2B9 /* Frameworks */,
				1C814C6C1D9AF2630057E2B9 /* Resources */,
			);
			buildRules = (
			);
			dependencies = (
				1C814C701D9AF2630057E2B9 /* PBXTargetDependency */,
			);
			name = "lab 4UITests";
			productName = "lab 4UITests";
			productReference = 1C814C6E1D9AF2630057E2B9 /* lab 4UITests.xctest */;
			productType = "com.apple.product-type.bundle.ui-testing";
		};
/* End PBXNativeTarget section */

/* Begin PBXProject section */
		1C814C471D9AF2630057E2B9 /* Project object */ = {
			isa = PBXProject;
			attributes = {
				LastSwiftUpdateCheck = 0730;
				LastUpgradeCheck = 0730;
				ORGANIZATIONNAME = "Eugene Ho";
				TargetAttributes = {
					1C814C4E1D9AF2630057E2B9 = {
						CreatedOnToolsVersion = 7.3.1;
					};
					1C814C621D9AF2630057E2B9 = {
						CreatedOnToolsVersion = 7.3.1;
						TestTargetID = 1C814C4E1D9AF2630057E2B9;
					};
					1C814C6D1D9AF2630057E2B9 = {
						CreatedOnToolsVersion = 7.3.1;
						TestTargetID = 1C814C4E1D9AF2630057E2B9;
					};
				};
			};
			buildConfigurationList = 1C814C4A1D9AF2630057E2B9 /* Build configuration list for PBXProject "lab 4" */;
			compatibilityVersion = "Xcode 3.2";
			developmentRegion = English;
			hasScannedForEncodings = 0;
			knownRegions = (
				en,
				Base,
			);
			mainGroup = 1C814C461D9AF2630057E2B9;
			productRefGroup = 1C814C501D9AF2630057E2B9 /* Products */;
			projectDirPath = "";
			projectRoot = "";
			targets = (
				1C814C4E1D9AF2630057E2B9 /* lab 4 */,
				1C814C621D9AF2630057E2B9 /* lab 4Tests */,
				1C814C6D1D9AF2630057E2B9 /* lab 4UITests */,
			);
		};
/* End PBXProject section */

/* Begin PBXResourcesBuildPhase section */
		1C814C4D1D9AF2630057E2B9 /* Resources */ = {
			isa = PBXResourcesBuildPhase;
			buildActionMask = 2147483647;
			files = (
				1C814C5D1D9AF2630057E2B9 /* LaunchScreen.storyboard in Resources */,
				1C814C5A1D9AF2630057E2B9 /* Assets.xcassets in Resources */,
				1C814C581D9AF2630057E2B9 /* Main.storyboard in Resources */,
			);
			runOnlyForDeploymentPostprocessing = 0;
		};
		1C814C611D9AF2630057E2B9 /* Resources */ = {
			isa = PBXResourcesBuildPhase;
			buildActionMask = 2147483647;
			files = (
			);
			runOnlyForDeploymentPostprocessing = 0;
		};
		1C814C6C1D9AF2630057E2B9 /* Resources */ = {
			isa = PBXResourcesBuildPhase;
			buildActionMask = 2147483647;
			files = (
			);
			runOnlyForDeploymentPostprocessing = 0;
		};
/* End PBXResourcesBuildPhase section */

/* Begin PBXSourcesBuildPhase section */
		1C814C4B1D9AF2630057E2B9 /* Sources */ = {
			isa = PBXSourcesBuildPhase;
			buildActionMask = 2147483647;
			files = (
				1C814C551D9AF2630057E2B9 /* ViewController.swift in Sources */,
				1C814C531D9AF2630057E2B9 /* AppDelegate.swift in Sources */,
				1C814C811D9AF49D0057E2B9 /* Scene2ViewController.swift in Sources */,
			);
			runOnlyForDeploymentPostprocessing = 0;
		};
		1C814C5F1D9AF2630057E2B9 /* Sources */ = {
			isa = PBXSourcesBuildPhase;
			buildActionMask = 2147483647;
			files = (
				1C814C681D9AF2630057E2B9 /* lab_4Tests.swift in Sources */,
			);
			runOnlyForDeploymentPostprocessing = 0;
		};
		1C814C6A1D9AF2630057E2B9 /* Sources */ = {
			isa = PBXSourcesBuildPhase;
			buildActionMask = 2147483647;
			files = (
				1C814C731D9AF2630057E2B9 /* lab_4UITests.swift in Sources */,
			);
			runOnlyForDeploymentPostprocessing = 0;
		};
/* End PBXSourcesBuildPhase section */

/* Begin PBXTargetDependency section */
		1C814C651D9AF2630057E2B9 /* PBXTargetDependency */ = {
			isa = PBXTargetDependency;
			target = 1C814C4E1D9AF2630057E2B9 /* lab 4 */;
			targetProxy = 1C814C641D9AF2630057E2B9 /* PBXContainerItemProxy */;
		};
		1C814C701D9AF2630057E2B9 /* PBXTargetDependency */ = {
			isa = PBXTargetDependency;
			target = 1C814C4E1D9AF2630057E2B9 /* lab 4 */;
			targetProxy = 1C814C6F1D9AF2630057E2B9 /* PBXContainerItemProxy */;
		};
/* End PBXTargetDependency section */

/* Begin PBXVariantGroup section */
		1C814C561D9AF2630057E2B9 /* Main.storyboard */ = {
			isa = PBXVariantGroup;
			children = (
				1C814C571D9AF2630057E2B9 /* Base */,
			);
			name = Main.storyboard;
			sourceTree = "<group>";
		};
		1C814C5B1D9AF2630057E2B9 /* LaunchScreen.storyboard */ = {
			isa = PBXVariantGroup;
			children = (
				1C814C5C1D9AF2630057E2B9 /* Base */,
			);
			name = LaunchScreen.storyboard;
			sourceTree = "<group>";
		};
/* End PBXVariantGroup section */

/* Begin XCBuildConfiguration section */
		1C814C751D9AF2630057E2B9 /* Debug */ = {
			isa = XCBuildConfiguration;
			buildSettings = {
				ALWAYS_SEARCH_USER_PATHS = NO;
				CLANG_ANALYZER_NONNULL = YES;
				CLANG_CXX_LANGUAGE_STANDARD = "gnu++0x";
				CLANG_CXX_LIBRARY = "libc++";
				CLANG_ENABLE_MODULES = YES;
				CLANG_ENABLE_OBJC_ARC = YES;
				CLANG_WARN_BOOL_CONVERSION = YES;
				CLANG_WARN_CONSTANT_CONVERSION = YES;
				CLANG_WARN_DIRECT_OBJC_ISA_USAGE = YES_ERROR;
				CLANG_WARN_EMPTY_BODY = YES;
				CLANG_WARN_ENUM_CONVERSION = YES;
				CLANG_WARN_INT_CONVERSION = YES;
				CLANG_WARN_OBJC_ROOT_CLASS = YES_ERROR;
				CLANG_WARN_UNREACHABLE_CODE = YES;
				CLANG_WARN__DUPLICATE_METHOD_MATCH = YES;
				"CODE_SIGN_IDENTITY[sdk=iphoneos*]" = "iPhone Developer";
				COPY_PHASE_STRIP = NO;
				DEBUG_INFORMATION_FORMAT = dwarf;
				ENABLE_STRICT_OBJC_MSGSEND = YES;
				ENABLE_TESTABILITY = YES;
				GCC_C_LANGUAGE_STANDARD = gnu99;
				GCC_DYNAMIC_NO_PIC = NO;
				GCC_NO_COMMON_BLOCKS = YES;
				GCC_OPTIMIZATION_LEVEL = 0;
				GCC_PREPROCESSOR_DEFINITIONS = (
					"DEBUG=1",
					"$(inherited)",
				);
				GCC_WARN_64_TO_32_BIT_CONVERSION = YES;
				GCC_WARN_ABOUT_RETURN_TYPE = YES_ERROR;
				GCC_WARN_UNDECLARED_SELECTOR = YES;
				GCC_WARN_UNINITIALIZED_AUTOS = YES_AGGRESSIVE;
				GCC_WARN_UNUSED_FUNCTION = YES;
				GCC_WARN_UNUSED_VARIABLE = YES;
				IPHONEOS_DEPLOYMENT_TARGET = 9.3;
				MTL_ENABLE_DEBUG_INFO = YES;
				ONLY_ACTIVE_ARCH = YES;
				SDKROOT = iphoneos;
				SWIFT_OPTIMIZATION_LEVEL = "-Onone";
			};
			name = Debug;
		};
		1C814C761D9AF2630057E2B9 /* Release */ = {
			isa = XCBuildConfiguration;
			buildSettings = {
				ALWAYS_SEARCH_USER_PATHS = NO;
				CLANG_ANALYZER_NONNULL = YES;
				CLANG_CXX_LANGUAGE_STANDARD = "gnu++0x";
				CLANG_CXX_LIBRARY = "libc++";
				CLANG_ENABLE_MODULES = YES;
				CLANG_ENABLE_OBJC_ARC = YES;
				CLANG_WARN_BOOL_CONVERSION = YES;
				CLANG_WARN_CONSTANT_CONVERSION = YES;
				CLANG_WARN_DIRECT_OBJC_ISA_USAGE = YES_ERROR;
				CLANG_WARN_EMPTY_BODY = YES;
				CLANG_WARN_ENUM_CONVERSION = YES;
				CLANG_WARN_INT_CONVERSION = YES;
				CLANG_WARN_OBJC_ROOT_CLASS = YES_ERROR;
				CLANG_WARN_UNREACHABLE_CODE = YES;
				CLANG_WARN__DUPLICATE_METHOD_MATCH = YES;
				"CODE_SIGN_IDENTITY[sdk=iphoneos*]" = "iPhone Developer";
				COPY_PHASE_STRIP = NO;
				DEBUG_INFORMATION_FORMAT = "dwarf-with-dsym";
				ENABLE_NS_ASSERTIONS = NO;
				ENABLE_STRICT_OBJC_MSGSEND = YES;
				GCC_C_LANGUAGE_STANDARD = gnu99;
				GCC_NO_COMMON_BLOCKS = YES;
				GCC_WARN_64_TO_32_BIT_CONVERSION = YES;
				GCC_WARN_ABOUT_RETURN_TYPE = YES_ERROR;
				GCC_WARN_UNDECLARED_SELECTOR = YES;
				GCC_WARN_UNINITIALIZED_AUTOS = YES_AGGRESSIVE;
				GCC_WARN_UNUSED_FUNCTION = YES;
				GCC_WARN_UNUSED_VARIABLE = YES;
				IPHONEOS_DEPLOYMENT_TARGET = 9.3;
				MTL_ENABLE_DEBUG_INFO = NO;
				SDKROOT = iphoneos;
				VALIDATE_PRODUCT = YES;
			};
			name = Release;
		};
		1C814C781D9AF2630057E2B9 /* Debug */ = {
			isa = XCBuildConfiguration;
			buildSettings = {
				ASSETCATALOG_COMPILER_APPICON_NAME = AppIcon;
				INFOPLIST_FILE = "lab 4/Info.plist";
				LD_RUNPATH_SEARCH_PATHS = "$(inherited) @executable_path/Frameworks";
				PRODUCT_BUNDLE_IDENTIFIER = "Self.lab-4";
				PRODUCT_NAME = "$(TARGET_NAME)";
			};
			name = Debug;
		};
		1C814C791D9AF2630057E2B9 /* Release */ = {
			isa = XCBuildConfiguration;
			buildSettings = {
				ASSETCATALOG_COMPILER_APPICON_NAME = AppIcon;
				INFOPLIST_FILE = "lab 4/Info.plist";
				LD_RUNPATH_SEARCH_PATHS = "$(inherited) @executable_path/Frameworks";
				PRODUCT_BUNDLE_IDENTIFIER = "Self.lab-4";
				PRODUCT_NAME = "$(TARGET_NAME)";
			};
			name = Release;
		};
		1C814C7B1D9AF2630057E2B9 /* Debug */ = {
			isa = XCBuildConfiguration;
			buildSettings = {
				BUNDLE_LOADER = "$(TEST_HOST)";
				INFOPLIST_FILE = "lab 4Tests/Info.plist";
				LD_RUNPATH_SEARCH_PATHS = "$(inherited) @executable_path/Frameworks @loader_path/Frameworks";
				PRODUCT_BUNDLE_IDENTIFIER = "Self.lab-4Tests";
				PRODUCT_NAME = "$(TARGET_NAME)";
				TEST_HOST = "$(BUILT_PRODUCTS_DIR)/lab 4.app/lab 4";
			};
			name = Debug;
		};
		1C814C7C1D9AF2630057E2B9 /* Release */ = {
			isa = XCBuildConfiguration;
			buildSettings = {
				BUNDLE_LOADER = "$(TEST_HOST)";
				INFOPLIST_FILE = "lab 4Tests/Info.plist";
				LD_RUNPATH_SEARCH_PATHS = "$(inherited) @executable_path/Frameworks @loader_path/Frameworks";
				PRODUCT_BUNDLE_IDENTIFIER = "Self.lab-4Tests";
				PRODUCT_NAME = "$(TARGET_NAME)";
				TEST_HOST = "$(BUILT_PRODUCTS_DIR)/lab 4.app/lab 4";
			};
			name = Release;
		};
		1C814C7E1D9AF2630057E2B9 /* Debug */ = {
			isa = XCBuildConfiguration;
			buildSettings = {
				INFOPLIST_FILE = "lab 4UITests/Info.plist";
				LD_RUNPATH_SEARCH_PATHS = "$(inherited) @executable_path/Frameworks @loader_path/Frameworks";
				PRODUCT_BUNDLE_IDENTIFIER = "Self.lab-4UITests";
				PRODUCT_NAME = "$(TARGET_NAME)";
				TEST_TARGET_NAME = "lab 4";
			};
			name = Debug;
		};
		1C814C7F1D9AF2630057E2B9 /* Release */ = {
			isa = XCBuildConfiguration;
			buildSettings = {
				INFOPLIST_FILE = "lab 4UITests/Info.plist";
				LD_RUNPATH_SEARCH_PATHS = "$(inherited) @executable_path/Frameworks @loader_path/Frameworks";
				PRODUCT_BUNDLE_IDENTIFIER = "Self.lab-4UITests";
				PRODUCT_NAME = "$(TARGET_NAME)";
				TEST_TARGET_NAME = "lab 4";
			};
			name = Release;
		};
/* End XCBuildConfiguration section */

/* Begin XCConfigurationList section */
		1C814C4A1D9AF2630057E2B9 /* Build configuration list for PBXProject "lab 4" */ = {
			isa = XCConfigurationList;
			buildConfigurations = (
				1C814C751D9AF2630057E2B9 /* Debug */,
				1C814C761D9AF2630057E2B9 /* Release */,
			);
			defaultConfigurationIsVisible = 0;
			defaultConfigurationName = Release;
		};
		1C814C771D9AF2630057E2B9 /* Build configuration list for PBXNativeTarget "lab 4" */ = {
			isa = XCConfigurationList;
			buildConfigurations = (
				1C814C781D9AF2630057E2B9 /* Debug */,
				1C814C791D9AF2630057E2B9 /* Release */,
			);
			defaultConfigurationIsVisible = 0;
		};
		1C814C7A1D9AF2630057E2B9 /* Build configuration list for PBXNativeTarget "lab 4Tests" */ = {
			isa = XCConfigurationList;
			buildConfigurations = (
				1C814C7B1D9AF2630057E2B9 /* Debug */,
				1C814C7C1D9AF2630057E2B9 /* Release */,
			);
			defaultConfigurationIsVisible = 0;
		};
		1C814C7D1D9AF2630057E2B9 /* Build configuration list for PBXNativeTarget "lab 4UITests" */ = {
			isa = XCConfigurationList;
			buildConfigurations = (
				1C814C7E1D9AF2630057E2B9 /* Debug */,
				1C814C7F1D9AF2630057E2B9 /* Release */,
			);
			defaultConfigurationIsVisible = 0;
		};
/* End XCConfigurationList section */
	};
	rootObject = 1C814C471D9AF2630057E2B9 /* Project object */;
}
